
Microsoft Visual Studio Solution File, Format Version 12.00
# Visual Studio Version 17
VisualStudioVersion = 17.11.35312.102
MinimumVisualStudioVersion = 10.0.40219.1
Project("{FAE04EC0-301F-11D3-BF4B-00C04F79EFBC}") = "PETHOST.Api", "PETHOST.Api\PETHOST.Api.csproj", "{021DA5F9-E773-48A5-9AB3-1B9DB239CBEF}"
EndProject
Project("{2150E333-8FDC-42A3-9474-1A3956D46DE8}") = "src", "src", "{88323361-9BB0-4187-B69E-97A0A5D0274B}"
EndProject
Project("{2150E333-8FDC-42A3-9474-1A3956D46DE8}") = "view", "view", "{3A59ABEF-16A2-4912-8C3A-0605D53BF74C}"
EndProject
Project("{2150E333-8FDC-42A3-9474-1A3956D46DE8}") = "test", "test", "{A149F032-F055-41D0-BA78-3253E3F92947}"
EndProject
Project("{2150E333-8FDC-42A3-9474-1A3956D46DE8}") = "Adpaters", "Adpaters", "{BCACFBAD-53BD-460E-994C-8455367109A1}"
EndProject
Project("{2150E333-8FDC-42A3-9474-1A3956D46DE8}") = "Core", "Core", "{A268FF69-9379-4BE1-9EEC-80A8E5C5E65A}"
EndProject
Project("{2150E333-8FDC-42A3-9474-1A3956D46DE8}") = "Crosscultting", "Crosscultting", "{F777F913-30B5-41B0-80FA-24A6B56C8A43}"
EndProject
Project("{2150E333-8FDC-42A3-9474-1A3956D46DE8}") = "Infra", "Infra", "{05AE8179-827D-4FEE-A65F-3BD1041184A2}"
EndProject
Project("{2150E333-8FDC-42A3-9474-1A3956D46DE8}") = "Driven", "Driven", "{18FFBC8D-A554-48FD-911B-FB5C2520A702}"
EndProject
Project("{2150E333-8FDC-42A3-9474-1A3956D46DE8}") = "Drivers", "Drivers", "{C3A8530D-8126-483C-B1B1-25A32664E6D8}"
EndProject
Project("{2150E333-8FDC-42A3-9474-1A3956D46DE8}") = "WebApi", "WebApi", "{95A820D9-CCD2-4885-B508-62FEDBCD6D61}"
EndProject
Project("{2150E333-8FDC-42A3-9474-1A3956D46DE8}") = "Aplication", "Aplication", "{6ECB7B57-2DFC-4A50-81CB-4FCF8959786C}"
EndProject
Project("{2150E333-8FDC-42A3-9474-1A3956D46DE8}") = "Domain", "Domain", "{00EA0F6D-B852-4F95-872E-E83D6F83481A}"
EndProject
Project("{FAE04EC0-301F-11D3-BF4B-00C04F79EFBC}") = "PETHOST.Application", "PETHOST.Application\PETHOST.Application.csproj", "{923DFB05-9C5D-464F-82F5-A6684059921C}"
EndProject
Project("{FAE04EC0-301F-11D3-BF4B-00C04F79EFBC}") = "PETHOST.Domain", "PETHOST.Domain\PETHOST.Domain.csproj", "{B94C96B5-0935-417F-8C0A-E7105C3AC1F6}"
EndProject
Project("{FAE04EC0-301F-11D3-BF4B-00C04F79EFBC}") = "PETHOST.Common", "PETHOST.Common\PETHOST.Common.csproj", "{05B3AA92-F89C-48F1-8BE6-C2F884671EEC}"
EndProject
Project("{FAE04EC0-301F-11D3-BF4B-00C04F79EFBC}") = "PETHOST.IoC", "PETHOST.IoC\PETHOST.IoC.csproj", "{2C742767-3F87-4D93-8AC3-7F2D9910BB28}"
EndProject
Project("{FAE04EC0-301F-11D3-BF4B-00C04F79EFBC}") = "PETHOST.IRelationalData", "PETHOST.IRelationalData\PETHOST.IRelationalData.csproj", "{24341A6C-B9A8-421D-8323-092E3E75EE48}"
EndProject
Project("{FAE04EC0-301F-11D3-BF4B-00C04F79EFBC}") = "PETHOST.CrossPlataform", "PETHOST.CrossPlataform\PETHOST.CrossPlataform.csproj", "{555FD948-D1D7-44F6-81E5-493E16A89077}"
EndProject
Project("{2150E333-8FDC-42A3-9474-1A3956D46DE8}") = "Unit", "Unit", "{D4806020-D08F-45EA-B013-D1075AD79EBB}"
EndProject
Project("{FAE04EC0-301F-11D3-BF4B-00C04F79EFBC}") = "PETHOST.Unit", "PETHOST.Unit\PETHOST.Unit.csproj", "{08363B6F-EB2A-4E69-8AF0-D4CDA80C4656}"
EndProject
Global
	GlobalSection(SolutionConfigurationPlatforms) = preSolution
		Debug|Any CPU = Debug|Any CPU
		Release|Any CPU = Release|Any CPU
	EndGlobalSection
	GlobalSection(ProjectConfigurationPlatforms) = postSolution
		{021DA5F9-E773-48A5-9AB3-1B9DB239CBEF}.Debug|Any CPU.ActiveCfg = Debug|Any CPU
		{021DA5F9-E773-48A5-9AB3-1B9DB239CBEF}.Debug|Any CPU.Build.0 = Debug|Any CPU
		{021DA5F9-E773-48A5-9AB3-1B9DB239CBEF}.Release|Any CPU.ActiveCfg = Release|Any CPU
		{021DA5F9-E773-48A5-9AB3-1B9DB239CBEF}.Release|Any CPU.Build.0 = Release|Any CPU
		{923DFB05-9C5D-464F-82F5-A6684059921C}.Debug|Any CPU.ActiveCfg = Debug|Any CPU
		{923DFB05-9C5D-464F-82F5-A6684059921C}.Debug|Any CPU.Build.0 = Debug|Any CPU
		{923DFB05-9C5D-464F-82F5-A6684059921C}.Release|Any CPU.ActiveCfg = Release|Any CPU
		{923DFB05-9C5D-464F-82F5-A6684059921C}.Release|Any CPU.Build.0 = Release|Any CPU
		{B94C96B5-0935-417F-8C0A-E7105C3AC1F6}.Debug|Any CPU.ActiveCfg = Debug|Any CPU
		{B94C96B5-0935-417F-8C0A-E7105C3AC1F6}.Debug|Any CPU.Build.0 = Debug|Any CPU
		{B94C96B5-0935-417F-8C0A-E7105C3AC1F6}.Release|Any CPU.ActiveCfg = Release|Any CPU
		{B94C96B5-0935-417F-8C0A-E7105C3AC1F6}.Release|Any CPU.Build.0 = Release|Any CPU
		{05B3AA92-F89C-48F1-8BE6-C2F884671EEC}.Debug|Any CPU.ActiveCfg = Debug|Any CPU
		{05B3AA92-F89C-48F1-8BE6-C2F884671EEC}.Debug|Any CPU.Build.0 = Debug|Any CPU
		{05B3AA92-F89C-48F1-8BE6-C2F884671EEC}.Release|Any CPU.ActiveCfg = Release|Any CPU
		{05B3AA92-F89C-48F1-8BE6-C2F884671EEC}.Release|Any CPU.Build.0 = Release|Any CPU
		{2C742767-3F87-4D93-8AC3-7F2D9910BB28}.Debug|Any CPU.ActiveCfg = Debug|Any CPU
		{2C742767-3F87-4D93-8AC3-7F2D9910BB28}.Debug|Any CPU.Build.0 = Debug|Any CPU
		{2C742767-3F87-4D93-8AC3-7F2D9910BB28}.Release|Any CPU.ActiveCfg = Release|Any CPU
		{2C742767-3F87-4D93-8AC3-7F2D9910BB28}.Release|Any CPU.Build.0 = Release|Any CPU
		{24341A6C-B9A8-421D-8323-092E3E75EE48}.Debug|Any CPU.ActiveCfg = Debug|Any CPU
		{24341A6C-B9A8-421D-8323-092E3E75EE48}.Debug|Any CPU.Build.0 = Debug|Any CPU
		{24341A6C-B9A8-421D-8323-092E3E75EE48}.Release|Any CPU.ActiveCfg = Release|Any CPU
		{24341A6C-B9A8-421D-8323-092E3E75EE48}.Release|Any CPU.Build.0 = Release|Any CPU
		{555FD948-D1D7-44F6-81E5-493E16A89077}.Debug|Any CPU.ActiveCfg = Debug|Any CPU
		{555FD948-D1D7-44F6-81E5-493E16A89077}.Debug|Any CPU.Build.0 = Debug|Any CPU
		{555FD948-D1D7-44F6-81E5-493E16A89077}.Debug|Any CPU.Deploy.0 = Debug|Any CPU
		{555FD948-D1D7-44F6-81E5-493E16A89077}.Release|Any CPU.ActiveCfg = Release|Any CPU
		{555FD948-D1D7-44F6-81E5-493E16A89077}.Release|Any CPU.Build.0 = Release|Any CPU
		{555FD948-D1D7-44F6-81E5-493E16A89077}.Release|Any CPU.Deploy.0 = Release|Any CPU
		{08363B6F-EB2A-4E69-8AF0-D4CDA80C4656}.Debug|Any CPU.ActiveCfg = Debug|Any CPU
		{08363B6F-EB2A-4E69-8AF0-D4CDA80C4656}.Debug|Any CPU.Build.0 = Debug|Any CPU
		{08363B6F-EB2A-4E69-8AF0-D4CDA80C4656}.Release|Any CPU.ActiveCfg = Release|Any CPU
		{08363B6F-EB2A-4E69-8AF0-D4CDA80C4656}.Release|Any CPU.Build.0 = Release|Any CPU
	EndGlobalSection
	GlobalSection(SolutionProperties) = preSolution
		HideSolutionNode = FALSE
	EndGlobalSection
	GlobalSection(NestedProjects) = preSolution
		{021DA5F9-E773-48A5-9AB3-1B9DB239CBEF} = {95A820D9-CCD2-4885-B508-62FEDBCD6D61}
		{BCACFBAD-53BD-460E-994C-8455367109A1} = {88323361-9BB0-4187-B69E-97A0A5D0274B}
		{A268FF69-9379-4BE1-9EEC-80A8E5C5E65A} = {88323361-9BB0-4187-B69E-97A0A5D0274B}
		{F777F913-30B5-41B0-80FA-24A6B56C8A43} = {88323361-9BB0-4187-B69E-97A0A5D0274B}
		{05AE8179-827D-4FEE-A65F-3BD1041184A2} = {18FFBC8D-A554-48FD-911B-FB5C2520A702}
		{18FFBC8D-A554-48FD-911B-FB5C2520A702} = {BCACFBAD-53BD-460E-994C-8455367109A1}
		{C3A8530D-8126-483C-B1B1-25A32664E6D8} = {BCACFBAD-53BD-460E-994C-8455367109A1}
		{95A820D9-CCD2-4885-B508-62FEDBCD6D61} = {C3A8530D-8126-483C-B1B1-25A32664E6D8}
		{6ECB7B57-2DFC-4A50-81CB-4FCF8959786C} = {A268FF69-9379-4BE1-9EEC-80A8E5C5E65A}
		{00EA0F6D-B852-4F95-872E-E83D6F83481A} = {A268FF69-9379-4BE1-9EEC-80A8E5C5E65A}
		{923DFB05-9C5D-464F-82F5-A6684059921C} = {6ECB7B57-2DFC-4A50-81CB-4FCF8959786C}
		{B94C96B5-0935-417F-8C0A-E7105C3AC1F6} = {00EA0F6D-B852-4F95-872E-E83D6F83481A}
		{05B3AA92-F89C-48F1-8BE6-C2F884671EEC} = {F777F913-30B5-41B0-80FA-24A6B56C8A43}
		{2C742767-3F87-4D93-8AC3-7F2D9910BB28} = {F777F913-30B5-41B0-80FA-24A6B56C8A43}
		{24341A6C-B9A8-421D-8323-092E3E75EE48} = {05AE8179-827D-4FEE-A65F-3BD1041184A2}
		{555FD948-D1D7-44F6-81E5-493E16A89077} = {3A59ABEF-16A2-4912-8C3A-0605D53BF74C}
		{D4806020-D08F-45EA-B013-D1075AD79EBB} = {A149F032-F055-41D0-BA78-3253E3F92947}
		{08363B6F-EB2A-4E69-8AF0-D4CDA80C4656} = {D4806020-D08F-45EA-B013-D1075AD79EBB}
	EndGlobalSection
	GlobalSection(ExtensibilityGlobals) = postSolution
		SolutionGuid = {246CA5C5-F151-4D16-8BD9-8B25D0916D3C}
	EndGlobalSection
EndGlobal
